
Microsoft Visual Studio Solution File, Format Version 12.00
# Visual Studio Version 17
VisualStudioVersion = 17.8.34511.84
MinimumVisualStudioVersion = 10.0.40219.1
Project("{FAE04EC0-301F-11D3-BF4B-00C04F79EFBC}") = "T18 Student goods", "T18 Student goods\T18 Student goods.csproj", "{BAAB9E8D-5040-45AA-88EC-6F5C278C17C2}"
EndProject
Global
	GlobalSection(SolutionConfigurationPlatforms) = preSolution
		Debug|Any CPU = Debug|Any CPU
		Release|Any CPU = Release|Any CPU
	EndGlobalSection
	GlobalSection(ProjectConfigurationPlatforms) = postSolution
		{BAAB9E8D-5040-45AA-88EC-6F5C278C17C2}.Debug|Any CPU.ActiveCfg = Debug|Any CPU
		{BAAB9E8D-5040-45AA-88EC-6F5C278C17C2}.Debug|Any CPU.Build.0 = Debug|Any CPU
		{BAAB9E8D-5040-45AA-88EC-6F5C278C17C2}.Release|Any CPU.ActiveCfg = Release|Any CPU
		{BAAB9E8D-5040-45AA-88EC-6F5C278C17C2}.Release|Any CPU.Build.0 = Release|Any CPU
	EndGlobalSection
	GlobalSection(SolutionProperties) = preSolution
		HideSolutionNode = FALSE
	EndGlobalSection
	GlobalSection(ExtensibilityGlobals) = postSolution
		SolutionGuid = {1336776A-489F-45ED-AB93-1583808223B6}
	EndGlobalSection
EndGlobal
