
Microsoft Visual Studio Solution File, Format Version 12.00
# Visual Studio Version 17
VisualStudioVersion = 17.8.34511.84
MinimumVisualStudioVersion = 10.0.40219.1
Project("{FAE04EC0-301F-11D3-BF4B-00C04F79EFBC}") = "T33 Delegate", "T33 Delegate\T33 Delegate.csproj", "{A6BA1380-89C4-4D5E-90D7-FBD62CCDBDA4}"
EndProject
Global
	GlobalSection(SolutionConfigurationPlatforms) = preSolution
		Debug|Any CPU = Debug|Any CPU
		Release|Any CPU = Release|Any CPU
	EndGlobalSection
	GlobalSection(ProjectConfigurationPlatforms) = postSolution
		{A6BA1380-89C4-4D5E-90D7-FBD62CCDBDA4}.Debug|Any CPU.ActiveCfg = Debug|Any CPU
		{A6BA1380-89C4-4D5E-90D7-FBD62CCDBDA4}.Debug|Any CPU.Build.0 = Debug|Any CPU
		{A6BA1380-89C4-4D5E-90D7-FBD62CCDBDA4}.Release|Any CPU.ActiveCfg = Release|Any CPU
		{A6BA1380-89C4-4D5E-90D7-FBD62CCDBDA4}.Release|Any CPU.Build.0 = Release|Any CPU
	EndGlobalSection
	GlobalSection(SolutionProperties) = preSolution
		HideSolutionNode = FALSE
	EndGlobalSection
	GlobalSection(ExtensibilityGlobals) = postSolution
		SolutionGuid = {666352AD-20B3-4E4C-9C79-67FF9702C958}
	EndGlobalSection
EndGlobal
