
Microsoft Visual Studio Solution File, Format Version 12.00
# Visual Studio Version 17
VisualStudioVersion = 17.8.34511.84
MinimumVisualStudioVersion = 10.0.40219.1
Project("{FAE04EC0-301F-11D3-BF4B-00C04F79EFBC}") = "T22 Cards", "T22 Cards\T22 Cards.csproj", "{200A1BF5-8E4F-4935-938B-59EB09C870FD}"
EndProject
Global
	GlobalSection(SolutionConfigurationPlatforms) = preSolution
		Debug|Any CPU = Debug|Any CPU
		Release|Any CPU = Release|Any CPU
	EndGlobalSection
	GlobalSection(ProjectConfigurationPlatforms) = postSolution
		{200A1BF5-8E4F-4935-938B-59EB09C870FD}.Debug|Any CPU.ActiveCfg = Debug|Any CPU
		{200A1BF5-8E4F-4935-938B-59EB09C870FD}.Debug|Any CPU.Build.0 = Debug|Any CPU
		{200A1BF5-8E4F-4935-938B-59EB09C870FD}.Release|Any CPU.ActiveCfg = Release|Any CPU
		{200A1BF5-8E4F-4935-938B-59EB09C870FD}.Release|Any CPU.Build.0 = Release|Any CPU
	EndGlobalSection
	GlobalSection(SolutionProperties) = preSolution
		HideSolutionNode = FALSE
	EndGlobalSection
	GlobalSection(ExtensibilityGlobals) = postSolution
		SolutionGuid = {48A9373B-13E1-43A5-BD0F-65C6C8DE4C1D}
	EndGlobalSection
EndGlobal
