
Microsoft Visual Studio Solution File, Format Version 12.00
# Visual Studio Version 17
VisualStudioVersion = 17.8.34511.84
MinimumVisualStudioVersion = 10.0.40219.1
Project("{FAE04EC0-301F-11D3-BF4B-00C04F79EFBC}") = "T3 Consumption", "T3 Consumption\T3 Consumption.csproj", "{62908EEC-A8E3-4366-8F51-27C9AAB86917}"
EndProject
Global
	GlobalSection(SolutionConfigurationPlatforms) = preSolution
		Debug|Any CPU = Debug|Any CPU
		Release|Any CPU = Release|Any CPU
	EndGlobalSection
	GlobalSection(ProjectConfigurationPlatforms) = postSolution
		{62908EEC-A8E3-4366-8F51-27C9AAB86917}.Debug|Any CPU.ActiveCfg = Debug|Any CPU
		{62908EEC-A8E3-4366-8F51-27C9AAB86917}.Debug|Any CPU.Build.0 = Debug|Any CPU
		{62908EEC-A8E3-4366-8F51-27C9AAB86917}.Release|Any CPU.ActiveCfg = Release|Any CPU
		{62908EEC-A8E3-4366-8F51-27C9AAB86917}.Release|Any CPU.Build.0 = Release|Any CPU
	EndGlobalSection
	GlobalSection(SolutionProperties) = preSolution
		HideSolutionNode = FALSE
	EndGlobalSection
	GlobalSection(ExtensibilityGlobals) = postSolution
		SolutionGuid = {CE7496AA-4299-4CF2-B67A-6F30B7997D46}
	EndGlobalSection
EndGlobal
