
Microsoft Visual Studio Solution File, Format Version 12.00
# Visual Studio Version 17
VisualStudioVersion = 17.8.34511.84
MinimumVisualStudioVersion = 10.0.40219.1
Project("{FAE04EC0-301F-11D3-BF4B-00C04F79EFBC}") = "T2 Hill jumping", "T2 Hill jumping\T2 Hill jumping.csproj", "{D2D6C78C-F748-483D-B1D4-C43DC0465E9B}"
EndProject
Global
	GlobalSection(SolutionConfigurationPlatforms) = preSolution
		Debug|Any CPU = Debug|Any CPU
		Release|Any CPU = Release|Any CPU
	EndGlobalSection
	GlobalSection(ProjectConfigurationPlatforms) = postSolution
		{D2D6C78C-F748-483D-B1D4-C43DC0465E9B}.Debug|Any CPU.ActiveCfg = Debug|Any CPU
		{D2D6C78C-F748-483D-B1D4-C43DC0465E9B}.Debug|Any CPU.Build.0 = Debug|Any CPU
		{D2D6C78C-F748-483D-B1D4-C43DC0465E9B}.Release|Any CPU.ActiveCfg = Release|Any CPU
		{D2D6C78C-F748-483D-B1D4-C43DC0465E9B}.Release|Any CPU.Build.0 = Release|Any CPU
	EndGlobalSection
	GlobalSection(SolutionProperties) = preSolution
		HideSolutionNode = FALSE
	EndGlobalSection
	GlobalSection(ExtensibilityGlobals) = postSolution
		SolutionGuid = {174D798D-F4E0-4C75-B5CA-C1DFD20FD2DF}
	EndGlobalSection
EndGlobal
