
Microsoft Visual Studio Solution File, Format Version 12.00
# Visual Studio Version 17
VisualStudioVersion = 17.8.34511.84
MinimumVisualStudioVersion = 10.0.40219.1
Project("{FAE04EC0-301F-11D3-BF4B-00C04F79EFBC}") = "T37 Patterns", "T37 Patterns\T37 Patterns.csproj", "{3F28CEF8-EA8C-4A93-8E78-C28BB7DFEE56}"
EndProject
Global
	GlobalSection(SolutionConfigurationPlatforms) = preSolution
		Debug|Any CPU = Debug|Any CPU
		Release|Any CPU = Release|Any CPU
	EndGlobalSection
	GlobalSection(ProjectConfigurationPlatforms) = postSolution
		{3F28CEF8-EA8C-4A93-8E78-C28BB7DFEE56}.Debug|Any CPU.ActiveCfg = Debug|Any CPU
		{3F28CEF8-EA8C-4A93-8E78-C28BB7DFEE56}.Debug|Any CPU.Build.0 = Debug|Any CPU
		{3F28CEF8-EA8C-4A93-8E78-C28BB7DFEE56}.Release|Any CPU.ActiveCfg = Release|Any CPU
		{3F28CEF8-EA8C-4A93-8E78-C28BB7DFEE56}.Release|Any CPU.Build.0 = Release|Any CPU
	EndGlobalSection
	GlobalSection(SolutionProperties) = preSolution
		HideSolutionNode = FALSE
	EndGlobalSection
	GlobalSection(ExtensibilityGlobals) = postSolution
		SolutionGuid = {E41A9B39-80BD-422A-9EA8-C8B5C95B8A4C}
	EndGlobalSection
EndGlobal
