
Microsoft Visual Studio Solution File, Format Version 12.00
# Visual Studio Version 17
VisualStudioVersion = 17.8.34511.84
MinimumVisualStudioVersion = 10.0.40219.1
Project("{FAE04EC0-301F-11D3-BF4B-00C04F79EFBC}") = "T27 SMLeagueExport", "T27 SMLeagueExport\T27 SMLeagueExport.csproj", "{AFB09ED9-C7CA-4983-8A6C-64B83DC10101}"
EndProject
Global
	GlobalSection(SolutionConfigurationPlatforms) = preSolution
		Debug|Any CPU = Debug|Any CPU
		Release|Any CPU = Release|Any CPU
	EndGlobalSection
	GlobalSection(ProjectConfigurationPlatforms) = postSolution
		{AFB09ED9-C7CA-4983-8A6C-64B83DC10101}.Debug|Any CPU.ActiveCfg = Debug|Any CPU
		{AFB09ED9-C7CA-4983-8A6C-64B83DC10101}.Debug|Any CPU.Build.0 = Debug|Any CPU
		{AFB09ED9-C7CA-4983-8A6C-64B83DC10101}.Release|Any CPU.ActiveCfg = Release|Any CPU
		{AFB09ED9-C7CA-4983-8A6C-64B83DC10101}.Release|Any CPU.Build.0 = Release|Any CPU
	EndGlobalSection
	GlobalSection(SolutionProperties) = preSolution
		HideSolutionNode = FALSE
	EndGlobalSection
	GlobalSection(ExtensibilityGlobals) = postSolution
		SolutionGuid = {492DF7D1-D3AD-4B13-BB73-FA5F53ABEE20}
	EndGlobalSection
EndGlobal
